// !$*UTF8*$!
{
	archiveVersion = 1;
	classes = {
	};
	objectVersion = 56;
	objects = {

/* Begin PBXBuildFile section */
		5A0F9CB42A72826E009A4D3D /* CustomSearchView.swift in Sources */ = {isa = PBXBuildFile; fileRef = 5A0F9CB32A72826E009A4D3D /* CustomSearchView.swift */; };
		5A0F9CB62A72828D009A4D3D /* CustomNavBarContainerView.swift in Sources */ = {isa = PBXBuildFile; fileRef = 5A0F9CB52A72828D009A4D3D /* CustomNavBarContainerView.swift */; };
		5A0F9CB82A738132009A4D3D /* ProfileView.swift in Sources */ = {isa = PBXBuildFile; fileRef = 5A0F9CB72A738132009A4D3D /* ProfileView.swift */; };
		5A7AE89D2A659D290047F739 /* DataCalculationViewModel.swift in Sources */ = {isa = PBXBuildFile; fileRef = 5A7AE89C2A659D290047F739 /* DataCalculationViewModel.swift */; };
		5AE7754B2A6E89A3003F6325 /* AppEnums.swift in Sources */ = {isa = PBXBuildFile; fileRef = 5AE7754A2A6E89A3003F6325 /* AppEnums.swift */; };
		5AED3C1F2A7059E9001A03FB /* CustomHeaderView.swift in Sources */ = {isa = PBXBuildFile; fileRef = 5AED3C1E2A7059E9001A03FB /* CustomHeaderView.swift */; };
		5AED3C212A70629C001A03FB /* AddNewFoodView.swift in Sources */ = {isa = PBXBuildFile; fileRef = 5AED3C202A70629C001A03FB /* AddNewFoodView.swift */; };
		5AED3C232A706440001A03FB /* FoodInformationView.swift in Sources */ = {isa = PBXBuildFile; fileRef = 5AED3C222A706440001A03FB /* FoodInformationView.swift */; };
		5AED3C252A711086001A03FB /* OnBoardingView.swift in Sources */ = {isa = PBXBuildFile; fileRef = 5AED3C242A711086001A03FB /* OnBoardingView.swift */; };
		5AED3C272A712605001A03FB /* ExcerciseLevelView.swift in Sources */ = {isa = PBXBuildFile; fileRef = 5AED3C262A712605001A03FB /* ExcerciseLevelView.swift */; };
		5AED3C292A722BB0001A03FB /* OnBoardingPageView.swift in Sources */ = {isa = PBXBuildFile; fileRef = 5AED3C282A722BB0001A03FB /* OnBoardingPageView.swift */; };
		881D8BFF2A694056002D59DC /* WeekValue.swift in Sources */ = {isa = PBXBuildFile; fileRef = 881D8BFE2A694056002D59DC /* WeekValue.swift */; };
		881D8C012A69407C002D59DC /* WeekStore.swift in Sources */ = {isa = PBXBuildFile; fileRef = 881D8C002A69407C002D59DC /* WeekStore.swift */; };
		881D8C032A6940BC002D59DC /* HistoryView.swift in Sources */ = {isa = PBXBuildFile; fileRef = 881D8C022A6940BC002D59DC /* HistoryView.swift */; };
		88299FFF2A6029AA00C1A8BA /* SwiseApp.swift in Sources */ = {isa = PBXBuildFile; fileRef = 88299FFE2A6029AA00C1A8BA /* SwiseApp.swift */; };
		8829A0012A6029AA00C1A8BA /* ContentView.swift in Sources */ = {isa = PBXBuildFile; fileRef = 8829A0002A6029AA00C1A8BA /* ContentView.swift */; };
		8829A0032A6029AB00C1A8BA /* Assets.xcassets in Resources */ = {isa = PBXBuildFile; fileRef = 8829A0022A6029AB00C1A8BA /* Assets.xcassets */; };
		8829A0062A6029AB00C1A8BA /* Preview Assets.xcassets in Resources */ = {isa = PBXBuildFile; fileRef = 8829A0052A6029AB00C1A8BA /* Preview Assets.xcassets */; };
		8829A0082A6029AB00C1A8BA /* Persistence.swift in Sources */ = {isa = PBXBuildFile; fileRef = 8829A0072A6029AB00C1A8BA /* Persistence.swift */; };
		8829A00B2A6029AB00C1A8BA /* Swise.xcdatamodeld in Sources */ = {isa = PBXBuildFile; fileRef = 8829A0092A6029AB00C1A8BA /* Swise.xcdatamodeld */; };
		8829A0162A602A7200C1A8BA /* Food.swift in Sources */ = {isa = PBXBuildFile; fileRef = 8829A0152A602A7200C1A8BA /* Food.swift */; };
		8829A0182A602AEF00C1A8BA /* FoodViewModel.swift in Sources */ = {isa = PBXBuildFile; fileRef = 8829A0172A602AEF00C1A8BA /* FoodViewModel.swift */; };
		8829A01A2A602B1800C1A8BA /* FoodService.swift in Sources */ = {isa = PBXBuildFile; fileRef = 8829A0192A602B1800C1A8BA /* FoodService.swift */; };
		8829A01C2A602B3700C1A8BA /* FoodStore.swift in Sources */ = {isa = PBXBuildFile; fileRef = 8829A01B2A602B3700C1A8BA /* FoodStore.swift */; };
		8829A01F2A602B6A00C1A8BA /* CryptoSwift in Frameworks */ = {isa = PBXBuildFile; productRef = 8829A01E2A602B6A00C1A8BA /* CryptoSwift */; };
		8829A0222A602D5A00C1A8BA /* URLComponents+Utils.swift in Sources */ = {isa = PBXBuildFile; fileRef = 8829A0212A602D5A00C1A8BA /* URLComponents+Utils.swift */; };
		8829A0242A602D9200C1A8BA /* CharacterSet+Utils.swift in Sources */ = {isa = PBXBuildFile; fileRef = 8829A0232A602D9200C1A8BA /* CharacterSet+Utils.swift */; };
		8829A0262A602DB000C1A8BA /* Array+Utils.swift in Sources */ = {isa = PBXBuildFile; fileRef = 8829A0252A602DB000C1A8BA /* Array+Utils.swift */; };
		8829A0282A602DC700C1A8BA /* String+Utils.swift in Sources */ = {isa = PBXBuildFile; fileRef = 8829A0272A602DC700C1A8BA /* String+Utils.swift */; };
		8829A02A2A602E0400C1A8BA /* FoodParams.swift in Sources */ = {isa = PBXBuildFile; fileRef = 8829A0292A602E0400C1A8BA /* FoodParams.swift */; };
		8842AA7A2A64D628001E703E /* ServingFood+CoreDataClass.swift in Sources */ = {isa = PBXBuildFile; fileRef = 8842AA742A64D628001E703E /* ServingFood+CoreDataClass.swift */; };
		8842AA7B2A64D628001E703E /* ServingFood+CoreDataProperties.swift in Sources */ = {isa = PBXBuildFile; fileRef = 8842AA752A64D628001E703E /* ServingFood+CoreDataProperties.swift */; };
		8842AA7C2A64D628001E703E /* EatenFoods+CoreDataClass.swift in Sources */ = {isa = PBXBuildFile; fileRef = 8842AA762A64D628001E703E /* EatenFoods+CoreDataClass.swift */; };
		8842AA7D2A64D628001E703E /* EatenFoods+CoreDataProperties.swift in Sources */ = {isa = PBXBuildFile; fileRef = 8842AA772A64D628001E703E /* EatenFoods+CoreDataProperties.swift */; };
		8842AA7E2A64D628001E703E /* DataItem+CoreDataClass.swift in Sources */ = {isa = PBXBuildFile; fileRef = 8842AA782A64D628001E703E /* DataItem+CoreDataClass.swift */; };
		8842AA7F2A64D628001E703E /* DataItem+CoreDataProperties.swift in Sources */ = {isa = PBXBuildFile; fileRef = 8842AA792A64D628001E703E /* DataItem+CoreDataProperties.swift */; };
		8842AA822A64D7A3001E703E /* FoodHelper.swift in Sources */ = {isa = PBXBuildFile; fileRef = 8842AA812A64D7A3001E703E /* FoodHelper.swift */; };
		8842AA842A64D815001E703E /* DetailFoodView.swift in Sources */ = {isa = PBXBuildFile; fileRef = 8842AA832A64D815001E703E /* DetailFoodView.swift */; };
		8842AA912A682E6A001E703E /* HistoryFoods+CoreDataClass.swift in Sources */ = {isa = PBXBuildFile; fileRef = 8842AA8F2A682E6A001E703E /* HistoryFoods+CoreDataClass.swift */; };
		8842AA922A682E6A001E703E /* HistoryFoods+CoreDataProperties.swift in Sources */ = {isa = PBXBuildFile; fileRef = 8842AA902A682E6A001E703E /* HistoryFoods+CoreDataProperties.swift */; };
		8842AA962A682FCA001E703E /* Date+Utils.swift in Sources */ = {isa = PBXBuildFile; fileRef = 8842AA952A682FCA001E703E /* Date+Utils.swift */; };
		8842AA992A6835E4001E703E /* ListContentView.swift in Sources */ = {isa = PBXBuildFile; fileRef = 8842AA982A6835E4001E703E /* ListContentView.swift */; };
		88AF47CB2A6FBF9100D9CAC2 /* FoodItemView.swift in Sources */ = {isa = PBXBuildFile; fileRef = 88AF47CA2A6FBF9100D9CAC2 /* FoodItemView.swift */; };
		88AF47CD2A6FCB8C00D9CAC2 /* ProgressBarView.swift in Sources */ = {isa = PBXBuildFile; fileRef = 88AF47CC2A6FCB8C00D9CAC2 /* ProgressBarView.swift */; };
		88AF47CF2A704A3600D9CAC2 /* EmptyListView.swift in Sources */ = {isa = PBXBuildFile; fileRef = 88AF47CE2A704A3600D9CAC2 /* EmptyListView.swift */; };
		88AF47D12A7172BB00D9CAC2 /* FYIModel.swift in Sources */ = {isa = PBXBuildFile; fileRef = 88AF47D02A7172BB00D9CAC2 /* FYIModel.swift */; };
		88AF47D32A71740200D9CAC2 /* FYIViewModel.swift in Sources */ = {isa = PBXBuildFile; fileRef = 88AF47D22A71740200D9CAC2 /* FYIViewModel.swift */; };
		88AF47D52A7195D400D9CAC2 /* InformationView.swift in Sources */ = {isa = PBXBuildFile; fileRef = 88AF47D42A7195D400D9CAC2 /* InformationView.swift */; };
		88AF47D92A72834600D9CAC2 /* HealthKitManager.swift in Sources */ = {isa = PBXBuildFile; fileRef = 88AF47D82A72834600D9CAC2 /* HealthKitManager.swift */; };
		B31F7B5E2A65413F00F0B507 /* SummaryView.swift in Sources */ = {isa = PBXBuildFile; fileRef = B31F7B5D2A65413F00F0B507 /* SummaryView.swift */; };
		B31F7B602A65453100F0B507 /* TabNavView.swift in Sources */ = {isa = PBXBuildFile; fileRef = B31F7B5F2A65453100F0B507 /* TabNavView.swift */; };
		B31F7B642A67E73F00F0B507 /* AddFoodView.swift in Sources */ = {isa = PBXBuildFile; fileRef = B31F7B632A67E73F00F0B507 /* AddFoodView.swift */; };
/* End PBXBuildFile section */

/* Begin PBXFileReference section */
		5A0F9CB32A72826E009A4D3D /* CustomSearchView.swift */ = {isa = PBXFileReference; lastKnownFileType = sourcecode.swift; path = CustomSearchView.swift; sourceTree = "<group>"; };
		5A0F9CB52A72828D009A4D3D /* CustomNavBarContainerView.swift */ = {isa = PBXFileReference; lastKnownFileType = sourcecode.swift; path = CustomNavBarContainerView.swift; sourceTree = "<group>"; };
		5A0F9CB72A738132009A4D3D /* ProfileView.swift */ = {isa = PBXFileReference; lastKnownFileType = sourcecode.swift; path = ProfileView.swift; sourceTree = "<group>"; };
		5A7AE8992A657E9E0047F739 /* Swise.entitlements */ = {isa = PBXFileReference; lastKnownFileType = text.plist.entitlements; path = Swise.entitlements; sourceTree = "<group>"; };
		5A7AE89C2A659D290047F739 /* DataCalculationViewModel.swift */ = {isa = PBXFileReference; lastKnownFileType = sourcecode.swift; path = DataCalculationViewModel.swift; sourceTree = "<group>"; };
		5AE7754A2A6E89A3003F6325 /* AppEnums.swift */ = {isa = PBXFileReference; lastKnownFileType = sourcecode.swift; path = AppEnums.swift; sourceTree = "<group>"; };
		5AED3C1E2A7059E9001A03FB /* CustomHeaderView.swift */ = {isa = PBXFileReference; lastKnownFileType = sourcecode.swift; path = CustomHeaderView.swift; sourceTree = "<group>"; };
		5AED3C202A70629C001A03FB /* AddNewFoodView.swift */ = {isa = PBXFileReference; lastKnownFileType = sourcecode.swift; path = AddNewFoodView.swift; sourceTree = "<group>"; };
		5AED3C222A706440001A03FB /* FoodInformationView.swift */ = {isa = PBXFileReference; lastKnownFileType = sourcecode.swift; path = FoodInformationView.swift; sourceTree = "<group>"; };
		5AED3C242A711086001A03FB /* OnBoardingView.swift */ = {isa = PBXFileReference; lastKnownFileType = sourcecode.swift; path = OnBoardingView.swift; sourceTree = "<group>"; };
		5AED3C262A712605001A03FB /* ExcerciseLevelView.swift */ = {isa = PBXFileReference; lastKnownFileType = sourcecode.swift; path = ExcerciseLevelView.swift; sourceTree = "<group>"; };
		5AED3C282A722BB0001A03FB /* OnBoardingPageView.swift */ = {isa = PBXFileReference; lastKnownFileType = sourcecode.swift; path = OnBoardingPageView.swift; sourceTree = "<group>"; };
		881D8BFE2A694056002D59DC /* WeekValue.swift */ = {isa = PBXFileReference; lastKnownFileType = sourcecode.swift; path = WeekValue.swift; sourceTree = "<group>"; };
		881D8C002A69407C002D59DC /* WeekStore.swift */ = {isa = PBXFileReference; lastKnownFileType = sourcecode.swift; path = WeekStore.swift; sourceTree = "<group>"; };
		881D8C022A6940BC002D59DC /* HistoryView.swift */ = {isa = PBXFileReference; lastKnownFileType = sourcecode.swift; path = HistoryView.swift; sourceTree = "<group>"; };
		88299FFB2A6029AA00C1A8BA /* Swise.app */ = {isa = PBXFileReference; explicitFileType = wrapper.application; includeInIndex = 0; path = Swise.app; sourceTree = BUILT_PRODUCTS_DIR; };
		88299FFE2A6029AA00C1A8BA /* SwiseApp.swift */ = {isa = PBXFileReference; lastKnownFileType = sourcecode.swift; path = SwiseApp.swift; sourceTree = "<group>"; };
		8829A0002A6029AA00C1A8BA /* ContentView.swift */ = {isa = PBXFileReference; lastKnownFileType = sourcecode.swift; path = ContentView.swift; sourceTree = "<group>"; };
		8829A0022A6029AB00C1A8BA /* Assets.xcassets */ = {isa = PBXFileReference; lastKnownFileType = folder.assetcatalog; path = Assets.xcassets; sourceTree = "<group>"; };
		8829A0052A6029AB00C1A8BA /* Preview Assets.xcassets */ = {isa = PBXFileReference; lastKnownFileType = folder.assetcatalog; path = "Preview Assets.xcassets"; sourceTree = "<group>"; };
		8829A0072A6029AB00C1A8BA /* Persistence.swift */ = {isa = PBXFileReference; lastKnownFileType = sourcecode.swift; path = Persistence.swift; sourceTree = "<group>"; };
		8829A00A2A6029AB00C1A8BA /* Swise.xcdatamodel */ = {isa = PBXFileReference; lastKnownFileType = wrapper.xcdatamodel; path = Swise.xcdatamodel; sourceTree = "<group>"; };
		8829A0152A602A7200C1A8BA /* Food.swift */ = {isa = PBXFileReference; lastKnownFileType = sourcecode.swift; path = Food.swift; sourceTree = "<group>"; };
		8829A0172A602AEF00C1A8BA /* FoodViewModel.swift */ = {isa = PBXFileReference; lastKnownFileType = sourcecode.swift; path = FoodViewModel.swift; sourceTree = "<group>"; };
		8829A0192A602B1800C1A8BA /* FoodService.swift */ = {isa = PBXFileReference; lastKnownFileType = sourcecode.swift; path = FoodService.swift; sourceTree = "<group>"; };
		8829A01B2A602B3700C1A8BA /* FoodStore.swift */ = {isa = PBXFileReference; lastKnownFileType = sourcecode.swift; path = FoodStore.swift; sourceTree = "<group>"; };
		8829A0212A602D5A00C1A8BA /* URLComponents+Utils.swift */ = {isa = PBXFileReference; lastKnownFileType = sourcecode.swift; path = "URLComponents+Utils.swift"; sourceTree = "<group>"; };
		8829A0232A602D9200C1A8BA /* CharacterSet+Utils.swift */ = {isa = PBXFileReference; lastKnownFileType = sourcecode.swift; path = "CharacterSet+Utils.swift"; sourceTree = "<group>"; };
		8829A0252A602DB000C1A8BA /* Array+Utils.swift */ = {isa = PBXFileReference; lastKnownFileType = sourcecode.swift; path = "Array+Utils.swift"; sourceTree = "<group>"; };
		8829A0272A602DC700C1A8BA /* String+Utils.swift */ = {isa = PBXFileReference; lastKnownFileType = sourcecode.swift; path = "String+Utils.swift"; sourceTree = "<group>"; };
		8829A0292A602E0400C1A8BA /* FoodParams.swift */ = {isa = PBXFileReference; lastKnownFileType = sourcecode.swift; path = FoodParams.swift; sourceTree = "<group>"; };
		8842AA742A64D628001E703E /* ServingFood+CoreDataClass.swift */ = {isa = PBXFileReference; lastKnownFileType = sourcecode.swift; path = "ServingFood+CoreDataClass.swift"; sourceTree = "<group>"; };
		8842AA752A64D628001E703E /* ServingFood+CoreDataProperties.swift */ = {isa = PBXFileReference; lastKnownFileType = sourcecode.swift; path = "ServingFood+CoreDataProperties.swift"; sourceTree = "<group>"; };
		8842AA762A64D628001E703E /* EatenFoods+CoreDataClass.swift */ = {isa = PBXFileReference; lastKnownFileType = sourcecode.swift; path = "EatenFoods+CoreDataClass.swift"; sourceTree = "<group>"; };
		8842AA772A64D628001E703E /* EatenFoods+CoreDataProperties.swift */ = {isa = PBXFileReference; lastKnownFileType = sourcecode.swift; path = "EatenFoods+CoreDataProperties.swift"; sourceTree = "<group>"; };
		8842AA782A64D628001E703E /* DataItem+CoreDataClass.swift */ = {isa = PBXFileReference; lastKnownFileType = sourcecode.swift; path = "DataItem+CoreDataClass.swift"; sourceTree = "<group>"; };
		8842AA792A64D628001E703E /* DataItem+CoreDataProperties.swift */ = {isa = PBXFileReference; lastKnownFileType = sourcecode.swift; path = "DataItem+CoreDataProperties.swift"; sourceTree = "<group>"; };
		8842AA812A64D7A3001E703E /* FoodHelper.swift */ = {isa = PBXFileReference; lastKnownFileType = sourcecode.swift; path = FoodHelper.swift; sourceTree = "<group>"; };
		8842AA832A64D815001E703E /* DetailFoodView.swift */ = {isa = PBXFileReference; lastKnownFileType = sourcecode.swift; path = DetailFoodView.swift; sourceTree = "<group>"; };
		8842AA8F2A682E6A001E703E /* HistoryFoods+CoreDataClass.swift */ = {isa = PBXFileReference; lastKnownFileType = sourcecode.swift; path = "HistoryFoods+CoreDataClass.swift"; sourceTree = "<group>"; };
		8842AA902A682E6A001E703E /* HistoryFoods+CoreDataProperties.swift */ = {isa = PBXFileReference; lastKnownFileType = sourcecode.swift; path = "HistoryFoods+CoreDataProperties.swift"; sourceTree = "<group>"; };
		8842AA952A682FCA001E703E /* Date+Utils.swift */ = {isa = PBXFileReference; lastKnownFileType = sourcecode.swift; path = "Date+Utils.swift"; sourceTree = "<group>"; };
		8842AA982A6835E4001E703E /* ListContentView.swift */ = {isa = PBXFileReference; lastKnownFileType = sourcecode.swift; path = ListContentView.swift; sourceTree = "<group>"; };
		88AF47CA2A6FBF9100D9CAC2 /* FoodItemView.swift */ = {isa = PBXFileReference; lastKnownFileType = sourcecode.swift; path = FoodItemView.swift; sourceTree = "<group>"; };
		88AF47CC2A6FCB8C00D9CAC2 /* ProgressBarView.swift */ = {isa = PBXFileReference; lastKnownFileType = sourcecode.swift; path = ProgressBarView.swift; sourceTree = "<group>"; };
		88AF47CE2A704A3600D9CAC2 /* EmptyListView.swift */ = {isa = PBXFileReference; lastKnownFileType = sourcecode.swift; path = EmptyListView.swift; sourceTree = "<group>"; };
		88AF47D02A7172BB00D9CAC2 /* FYIModel.swift */ = {isa = PBXFileReference; lastKnownFileType = sourcecode.swift; path = FYIModel.swift; sourceTree = "<group>"; };
		88AF47D22A71740200D9CAC2 /* FYIViewModel.swift */ = {isa = PBXFileReference; lastKnownFileType = sourcecode.swift; path = FYIViewModel.swift; sourceTree = "<group>"; };
		88AF47D42A7195D400D9CAC2 /* InformationView.swift */ = {isa = PBXFileReference; lastKnownFileType = sourcecode.swift; path = InformationView.swift; sourceTree = "<group>"; };
		88AF47D82A72834600D9CAC2 /* HealthKitManager.swift */ = {isa = PBXFileReference; lastKnownFileType = sourcecode.swift; path = HealthKitManager.swift; sourceTree = "<group>"; };
		88AF47DC2A73239700D9CAC2 /* Info.plist */ = {isa = PBXFileReference; lastKnownFileType = text.plist; path = Info.plist; sourceTree = "<group>"; };
		B31F7B5D2A65413F00F0B507 /* SummaryView.swift */ = {isa = PBXFileReference; lastKnownFileType = sourcecode.swift; path = SummaryView.swift; sourceTree = "<group>"; };
		B31F7B5F2A65453100F0B507 /* TabNavView.swift */ = {isa = PBXFileReference; lastKnownFileType = sourcecode.swift; path = TabNavView.swift; sourceTree = "<group>"; };
		B31F7B632A67E73F00F0B507 /* AddFoodView.swift */ = {isa = PBXFileReference; lastKnownFileType = sourcecode.swift; path = AddFoodView.swift; sourceTree = "<group>"; };
/* End PBXFileReference section */

/* Begin PBXFrameworksBuildPhase section */
		88299FF82A6029AA00C1A8BA /* Frameworks */ = {
			isa = PBXFrameworksBuildPhase;
			buildActionMask = 2147483647;
			files = (
				8829A01F2A602B6A00C1A8BA /* CryptoSwift in Frameworks */,
			);
			runOnlyForDeploymentPostprocessing = 0;
		};
/* End PBXFrameworksBuildPhase section */

/* Begin PBXGroup section */
		88299FF22A6029AA00C1A8BA = {
			isa = PBXGroup;
			children = (
				88299FFD2A6029AA00C1A8BA /* Swise */,
				88299FFC2A6029AA00C1A8BA /* Products */,
			);
			sourceTree = "<group>";
		};
		88299FFC2A6029AA00C1A8BA /* Products */ = {
			isa = PBXGroup;
			children = (
				88299FFB2A6029AA00C1A8BA /* Swise.app */,
			);
			name = Products;
			sourceTree = "<group>";
		};
		88299FFD2A6029AA00C1A8BA /* Swise */ = {
			isa = PBXGroup;
			children = (
				88AF47DC2A73239700D9CAC2 /* Info.plist */,
				88AF47C92A6FBF6A00D9CAC2 /* Components */,
				5A7AE8992A657E9E0047F739 /* Swise.entitlements */,
				8842AA802A64D790001E703E /* Helper */,
				8829A0202A602D3700C1A8BA /* Extension */,
				8829A0142A602A1B00C1A8BA /* Services */,
				8829A0132A602A0200C1A8BA /* ViewModel */,
				8829A0122A6029FB00C1A8BA /* Model */,
				8829A0112A6029EF00C1A8BA /* View */,
				88299FFE2A6029AA00C1A8BA /* SwiseApp.swift */,
				8829A0022A6029AB00C1A8BA /* Assets.xcassets */,
				8829A0042A6029AB00C1A8BA /* Preview Content */,
			);
			path = Swise;
			sourceTree = "<group>";
		};
		8829A0042A6029AB00C1A8BA /* Preview Content */ = {
			isa = PBXGroup;
			children = (
				8829A0052A6029AB00C1A8BA /* Preview Assets.xcassets */,
			);
			path = "Preview Content";
			sourceTree = "<group>";
		};
		8829A0112A6029EF00C1A8BA /* View */ = {
			isa = PBXGroup;
			children = (
				5AED3C1E2A7059E9001A03FB /* CustomHeaderView.swift */,
				8829A0002A6029AA00C1A8BA /* ContentView.swift */,
				8842AA832A64D815001E703E /* DetailFoodView.swift */,
				B31F7B5D2A65413F00F0B507 /* SummaryView.swift */,
				B31F7B5F2A65453100F0B507 /* TabNavView.swift */,
				B31F7B632A67E73F00F0B507 /* AddFoodView.swift */,
				881D8C022A6940BC002D59DC /* HistoryView.swift */,
				5AED3C242A711086001A03FB /* OnBoardingView.swift */,
				5AED3C262A712605001A03FB /* ExcerciseLevelView.swift */,
				5AED3C282A722BB0001A03FB /* OnBoardingPageView.swift */,
				5AED3C202A70629C001A03FB /* AddNewFoodView.swift */,
				5AED3C222A706440001A03FB /* FoodInformationView.swift */,
				88AF47D42A7195D400D9CAC2 /* InformationView.swift */,
				5A0F9CB72A738132009A4D3D /* ProfileView.swift */,
			);
			path = View;
			sourceTree = "<group>";
		};
		8829A0122A6029FB00C1A8BA /* Model */ = {
			isa = PBXGroup;
			children = (
				8829A0092A6029AB00C1A8BA /* Swise.xcdatamodeld */,
				8829A0152A602A7200C1A8BA /* Food.swift */,
				881D8BFE2A694056002D59DC /* WeekValue.swift */,
				88AF47D02A7172BB00D9CAC2 /* FYIModel.swift */,
			);
			path = Model;
			sourceTree = "<group>";
		};
		8829A0132A602A0200C1A8BA /* ViewModel */ = {
			isa = PBXGroup;
			children = (
				8829A0072A6029AB00C1A8BA /* Persistence.swift */,
				8829A0172A602AEF00C1A8BA /* FoodViewModel.swift */,
				5A7AE89C2A659D290047F739 /* DataCalculationViewModel.swift */,
				881D8C002A69407C002D59DC /* WeekStore.swift */,
				88AF47D22A71740200D9CAC2 /* FYIViewModel.swift */,
			);
			path = ViewModel;
			sourceTree = "<group>";
		};
		8829A0142A602A1B00C1A8BA /* Services */ = {
			isa = PBXGroup;
			children = (
				8829A0192A602B1800C1A8BA /* FoodService.swift */,
				8829A01B2A602B3700C1A8BA /* FoodStore.swift */,
				8829A0292A602E0400C1A8BA /* FoodParams.swift */,
			);
			path = Services;
			sourceTree = "<group>";
		};
		8829A0202A602D3700C1A8BA /* Extension */ = {
			isa = PBXGroup;
			children = (
				8842AA8F2A682E6A001E703E /* HistoryFoods+CoreDataClass.swift */,
				8842AA902A682E6A001E703E /* HistoryFoods+CoreDataProperties.swift */,
				8842AA742A64D628001E703E /* ServingFood+CoreDataClass.swift */,
				8842AA752A64D628001E703E /* ServingFood+CoreDataProperties.swift */,
				8842AA762A64D628001E703E /* EatenFoods+CoreDataClass.swift */,
				8842AA772A64D628001E703E /* EatenFoods+CoreDataProperties.swift */,
				8842AA782A64D628001E703E /* DataItem+CoreDataClass.swift */,
				8842AA792A64D628001E703E /* DataItem+CoreDataProperties.swift */,
				8829A0212A602D5A00C1A8BA /* URLComponents+Utils.swift */,
				8829A0232A602D9200C1A8BA /* CharacterSet+Utils.swift */,
				8829A0252A602DB000C1A8BA /* Array+Utils.swift */,
				8829A0272A602DC700C1A8BA /* String+Utils.swift */,
				8842AA952A682FCA001E703E /* Date+Utils.swift */,
			);
			path = Extension;
			sourceTree = "<group>";
		};
		8842AA802A64D790001E703E /* Helper */ = {
			isa = PBXGroup;
			children = (
				8842AA812A64D7A3001E703E /* FoodHelper.swift */,
				5AE7754A2A6E89A3003F6325 /* AppEnums.swift */,
				88AF47D82A72834600D9CAC2 /* HealthKitManager.swift */,
			);
			path = Helper;
			sourceTree = "<group>";
		};
		88AF47C92A6FBF6A00D9CAC2 /* Components */ = {
			isa = PBXGroup;
			children = (
				88AF47CA2A6FBF9100D9CAC2 /* FoodItemView.swift */,
				88AF47CC2A6FCB8C00D9CAC2 /* ProgressBarView.swift */,
				88AF47CE2A704A3600D9CAC2 /* EmptyListView.swift */,
				8842AA982A6835E4001E703E /* ListContentView.swift */,
				5A0F9CB32A72826E009A4D3D /* CustomSearchView.swift */,
				5A0F9CB52A72828D009A4D3D /* CustomNavBarContainerView.swift */,
			);
			path = Components;
			sourceTree = "<group>";
		};
/* End PBXGroup section */

/* Begin PBXNativeTarget section */
		88299FFA2A6029AA00C1A8BA /* Swise */ = {
			isa = PBXNativeTarget;
			buildConfigurationList = 8829A00E2A6029AB00C1A8BA /* Build configuration list for PBXNativeTarget "Swise" */;
			buildPhases = (
				88299FF72A6029AA00C1A8BA /* Sources */,
				88299FF82A6029AA00C1A8BA /* Frameworks */,
				88299FF92A6029AA00C1A8BA /* Resources */,
			);
			buildRules = (
			);
			dependencies = (
			);
			name = Swise;
			packageProductDependencies = (
				8829A01E2A602B6A00C1A8BA /* CryptoSwift */,
			);
			productName = Swise;
			productReference = 88299FFB2A6029AA00C1A8BA /* Swise.app */;
			productType = "com.apple.product-type.application";
		};
/* End PBXNativeTarget section */

/* Begin PBXProject section */
		88299FF32A6029AA00C1A8BA /* Project object */ = {
			isa = PBXProject;
			attributes = {
				BuildIndependentTargetsInParallel = 1;
				LastSwiftUpdateCheck = 1430;
				LastUpgradeCheck = 1430;
				TargetAttributes = {
					88299FFA2A6029AA00C1A8BA = {
						CreatedOnToolsVersion = 14.3;
					};
				};
			};
			buildConfigurationList = 88299FF62A6029AA00C1A8BA /* Build configuration list for PBXProject "Swise" */;
			compatibilityVersion = "Xcode 14.0";
			developmentRegion = en;
			hasScannedForEncodings = 0;
			knownRegions = (
				en,
				Base,
			);
			mainGroup = 88299FF22A6029AA00C1A8BA;
			packageReferences = (
				8829A01D2A602B6A00C1A8BA /* XCRemoteSwiftPackageReference "CryptoSwift" */,
			);
			productRefGroup = 88299FFC2A6029AA00C1A8BA /* Products */;
			projectDirPath = "";
			projectRoot = "";
			targets = (
				88299FFA2A6029AA00C1A8BA /* Swise */,
			);
		};
/* End PBXProject section */

/* Begin PBXResourcesBuildPhase section */
		88299FF92A6029AA00C1A8BA /* Resources */ = {
			isa = PBXResourcesBuildPhase;
			buildActionMask = 2147483647;
			files = (
				8829A0062A6029AB00C1A8BA /* Preview Assets.xcassets in Resources */,
				8829A0032A6029AB00C1A8BA /* Assets.xcassets in Resources */,
			);
			runOnlyForDeploymentPostprocessing = 0;
		};
/* End PBXResourcesBuildPhase section */

/* Begin PBXSourcesBuildPhase section */
		88299FF72A6029AA00C1A8BA /* Sources */ = {
			isa = PBXSourcesBuildPhase;
			buildActionMask = 2147483647;
			files = (
				5A7AE89D2A659D290047F739 /* DataCalculationViewModel.swift in Sources */,
				5A0F9CB42A72826E009A4D3D /* CustomSearchView.swift in Sources */,
				5AED3C1F2A7059E9001A03FB /* CustomHeaderView.swift in Sources */,
				8829A0242A602D9200C1A8BA /* CharacterSet+Utils.swift in Sources */,
				8829A0162A602A7200C1A8BA /* Food.swift in Sources */,
				88AF47CB2A6FBF9100D9CAC2 /* FoodItemView.swift in Sources */,
				8842AA842A64D815001E703E /* DetailFoodView.swift in Sources */,
				881D8C012A69407C002D59DC /* WeekStore.swift in Sources */,
				8829A0082A6029AB00C1A8BA /* Persistence.swift in Sources */,
				5A0F9CB62A72828D009A4D3D /* CustomNavBarContainerView.swift in Sources */,
				8842AA822A64D7A3001E703E /* FoodHelper.swift in Sources */,
				8829A00B2A6029AB00C1A8BA /* Swise.xcdatamodeld in Sources */,
				881D8C032A6940BC002D59DC /* HistoryView.swift in Sources */,
				88AF47D32A71740200D9CAC2 /* FYIViewModel.swift in Sources */,
				8842AA7D2A64D628001E703E /* EatenFoods+CoreDataProperties.swift in Sources */,
				8842AA7B2A64D628001E703E /* ServingFood+CoreDataProperties.swift in Sources */,
				8842AA992A6835E4001E703E /* ListContentView.swift in Sources */,
				8842AA922A682E6A001E703E /* HistoryFoods+CoreDataProperties.swift in Sources */,
				88AF47D12A7172BB00D9CAC2 /* FYIModel.swift in Sources */,
				8842AA7E2A64D628001E703E /* DataItem+CoreDataClass.swift in Sources */,
				8842AA7C2A64D628001E703E /* EatenFoods+CoreDataClass.swift in Sources */,
				5AED3C212A70629C001A03FB /* AddNewFoodView.swift in Sources */,
				B31F7B642A67E73F00F0B507 /* AddFoodView.swift in Sources */,
				881D8BFF2A694056002D59DC /* WeekValue.swift in Sources */,
				88AF47CF2A704A3600D9CAC2 /* EmptyListView.swift in Sources */,
				8829A0012A6029AA00C1A8BA /* ContentView.swift in Sources */,
				5A0F9CB82A738132009A4D3D /* ProfileView.swift in Sources */,
				8829A0182A602AEF00C1A8BA /* FoodViewModel.swift in Sources */,
				88299FFF2A6029AA00C1A8BA /* SwiseApp.swift in Sources */,
				88AF47D52A7195D400D9CAC2 /* InformationView.swift in Sources */,
				8829A01A2A602B1800C1A8BA /* FoodService.swift in Sources */,
				88AF47CD2A6FCB8C00D9CAC2 /* ProgressBarView.swift in Sources */,
				8829A02A2A602E0400C1A8BA /* FoodParams.swift in Sources */,
				88AF47D92A72834600D9CAC2 /* HealthKitManager.swift in Sources */,
				8829A0282A602DC700C1A8BA /* String+Utils.swift in Sources */,
				8842AA7F2A64D628001E703E /* DataItem+CoreDataProperties.swift in Sources */,
				8829A01C2A602B3700C1A8BA /* FoodStore.swift in Sources */,
				8842AA962A682FCA001E703E /* Date+Utils.swift in Sources */,
				5AED3C292A722BB0001A03FB /* OnBoardingPageView.swift in Sources */,
				8829A0262A602DB000C1A8BA /* Array+Utils.swift in Sources */,
				5AE7754B2A6E89A3003F6325 /* AppEnums.swift in Sources */,
				8842AA912A682E6A001E703E /* HistoryFoods+CoreDataClass.swift in Sources */,
				5AED3C252A711086001A03FB /* OnBoardingView.swift in Sources */,
				8842AA7A2A64D628001E703E /* ServingFood+CoreDataClass.swift in Sources */,
				B31F7B602A65453100F0B507 /* TabNavView.swift in Sources */,
				5AED3C272A712605001A03FB /* ExcerciseLevelView.swift in Sources */,
				5AED3C232A706440001A03FB /* FoodInformationView.swift in Sources */,
				8829A0222A602D5A00C1A8BA /* URLComponents+Utils.swift in Sources */,
				B31F7B5E2A65413F00F0B507 /* SummaryView.swift in Sources */,
			);
			runOnlyForDeploymentPostprocessing = 0;
		};
/* End PBXSourcesBuildPhase section */

/* Begin XCBuildConfiguration section */
		8829A00C2A6029AB00C1A8BA /* Debug */ = {
			isa = XCBuildConfiguration;
			buildSettings = {
				ALWAYS_SEARCH_USER_PATHS = NO;
				CLANG_ANALYZER_NONNULL = YES;
				CLANG_ANALYZER_NUMBER_OBJECT_CONVERSION = YES_AGGRESSIVE;
				CLANG_CXX_LANGUAGE_STANDARD = "gnu++20";
				CLANG_ENABLE_MODULES = YES;
				CLANG_ENABLE_OBJC_ARC = YES;
				CLANG_ENABLE_OBJC_WEAK = YES;
				CLANG_WARN_BLOCK_CAPTURE_AUTORELEASING = YES;
				CLANG_WARN_BOOL_CONVERSION = YES;
				CLANG_WARN_COMMA = YES;
				CLANG_WARN_CONSTANT_CONVERSION = YES;
				CLANG_WARN_DEPRECATED_OBJC_IMPLEMENTATIONS = YES;
				CLANG_WARN_DIRECT_OBJC_ISA_USAGE = YES_ERROR;
				CLANG_WARN_DOCUMENTATION_COMMENTS = YES;
				CLANG_WARN_EMPTY_BODY = YES;
				CLANG_WARN_ENUM_CONVERSION = YES;
				CLANG_WARN_INFINITE_RECURSION = YES;
				CLANG_WARN_INT_CONVERSION = YES;
				CLANG_WARN_NON_LITERAL_NULL_CONVERSION = YES;
				CLANG_WARN_OBJC_IMPLICIT_RETAIN_SELF = YES;
				CLANG_WARN_OBJC_LITERAL_CONVERSION = YES;
				CLANG_WARN_OBJC_ROOT_CLASS = YES_ERROR;
				CLANG_WARN_QUOTED_INCLUDE_IN_FRAMEWORK_HEADER = YES;
				CLANG_WARN_RANGE_LOOP_ANALYSIS = YES;
				CLANG_WARN_STRICT_PROTOTYPES = YES;
				CLANG_WARN_SUSPICIOUS_MOVE = YES;
				CLANG_WARN_UNGUARDED_AVAILABILITY = YES_AGGRESSIVE;
				CLANG_WARN_UNREACHABLE_CODE = YES;
				CLANG_WARN__DUPLICATE_METHOD_MATCH = YES;
				COPY_PHASE_STRIP = NO;
				DEBUG_INFORMATION_FORMAT = dwarf;
				ENABLE_STRICT_OBJC_MSGSEND = YES;
				ENABLE_TESTABILITY = YES;
				GCC_C_LANGUAGE_STANDARD = gnu11;
				GCC_DYNAMIC_NO_PIC = NO;
				GCC_NO_COMMON_BLOCKS = YES;
				GCC_OPTIMIZATION_LEVEL = 0;
				GCC_PREPROCESSOR_DEFINITIONS = (
					"DEBUG=1",
					"$(inherited)",
				);
				GCC_WARN_64_TO_32_BIT_CONVERSION = YES;
				GCC_WARN_ABOUT_RETURN_TYPE = YES_ERROR;
				GCC_WARN_UNDECLARED_SELECTOR = YES;
				GCC_WARN_UNINITIALIZED_AUTOS = YES_AGGRESSIVE;
				GCC_WARN_UNUSED_FUNCTION = YES;
				GCC_WARN_UNUSED_VARIABLE = YES;
				IPHONEOS_DEPLOYMENT_TARGET = 16.4;
				MTL_ENABLE_DEBUG_INFO = INCLUDE_SOURCE;
				MTL_FAST_MATH = YES;
				ONLY_ACTIVE_ARCH = YES;
				SDKROOT = iphoneos;
				SWIFT_ACTIVE_COMPILATION_CONDITIONS = DEBUG;
				SWIFT_OPTIMIZATION_LEVEL = "-Onone";
			};
			name = Debug;
		};
		8829A00D2A6029AB00C1A8BA /* Release */ = {
			isa = XCBuildConfiguration;
			buildSettings = {
				ALWAYS_SEARCH_USER_PATHS = NO;
				CLANG_ANALYZER_NONNULL = YES;
				CLANG_ANALYZER_NUMBER_OBJECT_CONVERSION = YES_AGGRESSIVE;
				CLANG_CXX_LANGUAGE_STANDARD = "gnu++20";
				CLANG_ENABLE_MODULES = YES;
				CLANG_ENABLE_OBJC_ARC = YES;
				CLANG_ENABLE_OBJC_WEAK = YES;
				CLANG_WARN_BLOCK_CAPTURE_AUTORELEASING = YES;
				CLANG_WARN_BOOL_CONVERSION = YES;
				CLANG_WARN_COMMA = YES;
				CLANG_WARN_CONSTANT_CONVERSION = YES;
				CLANG_WARN_DEPRECATED_OBJC_IMPLEMENTATIONS = YES;
				CLANG_WARN_DIRECT_OBJC_ISA_USAGE = YES_ERROR;
				CLANG_WARN_DOCUMENTATION_COMMENTS = YES;
				CLANG_WARN_EMPTY_BODY = YES;
				CLANG_WARN_ENUM_CONVERSION = YES;
				CLANG_WARN_INFINITE_RECURSION = YES;
				CLANG_WARN_INT_CONVERSION = YES;
				CLANG_WARN_NON_LITERAL_NULL_CONVERSION = YES;
				CLANG_WARN_OBJC_IMPLICIT_RETAIN_SELF = YES;
				CLANG_WARN_OBJC_LITERAL_CONVERSION = YES;
				CLANG_WARN_OBJC_ROOT_CLASS = YES_ERROR;
				CLANG_WARN_QUOTED_INCLUDE_IN_FRAMEWORK_HEADER = YES;
				CLANG_WARN_RANGE_LOOP_ANALYSIS = YES;
				CLANG_WARN_STRICT_PROTOTYPES = YES;
				CLANG_WARN_SUSPICIOUS_MOVE = YES;
				CLANG_WARN_UNGUARDED_AVAILABILITY = YES_AGGRESSIVE;
				CLANG_WARN_UNREACHABLE_CODE = YES;
				CLANG_WARN__DUPLICATE_METHOD_MATCH = YES;
				COPY_PHASE_STRIP = NO;
				DEBUG_INFORMATION_FORMAT = "dwarf-with-dsym";
				ENABLE_NS_ASSERTIONS = NO;
				ENABLE_STRICT_OBJC_MSGSEND = YES;
				GCC_C_LANGUAGE_STANDARD = gnu11;
				GCC_NO_COMMON_BLOCKS = YES;
				GCC_WARN_64_TO_32_BIT_CONVERSION = YES;
				GCC_WARN_ABOUT_RETURN_TYPE = YES_ERROR;
				GCC_WARN_UNDECLARED_SELECTOR = YES;
				GCC_WARN_UNINITIALIZED_AUTOS = YES_AGGRESSIVE;
				GCC_WARN_UNUSED_FUNCTION = YES;
				GCC_WARN_UNUSED_VARIABLE = YES;
				IPHONEOS_DEPLOYMENT_TARGET = 16.4;
				MTL_ENABLE_DEBUG_INFO = NO;
				MTL_FAST_MATH = YES;
				SDKROOT = iphoneos;
				SWIFT_COMPILATION_MODE = wholemodule;
				SWIFT_OPTIMIZATION_LEVEL = "-O";
				VALIDATE_PRODUCT = YES;
			};
			name = Release;
		};
		8829A00F2A6029AB00C1A8BA /* Debug */ = {
			isa = XCBuildConfiguration;
			buildSettings = {
				ASSETCATALOG_COMPILER_APPICON_NAME = AppIcon;
				ASSETCATALOG_COMPILER_GLOBAL_ACCENT_COLOR_NAME = AccentColor;
				CODE_SIGN_ENTITLEMENTS = Swise/Swise.entitlements;
				CODE_SIGN_STYLE = Automatic;
				CURRENT_PROJECT_VERSION = 2;
				DEVELOPMENT_ASSET_PATHS = "\"Swise/Preview Content\"";
				DEVELOPMENT_TEAM = 9UX8BMAVFK;
				ENABLE_PREVIEWS = YES;
				GENERATE_INFOPLIST_FILE = YES;
				INFOPLIST_FILE = Swise/Info.plist;
				INFOPLIST_KEY_CFBundleDisplayName = Swise;
				INFOPLIST_KEY_LSApplicationCategoryType = "public.app-category.healthcare-fitness";
				INFOPLIST_KEY_NSHealthClinicalHealthRecordsShareUsageDescription = "Allow this app to write your data for calculate your calories and maximum sugar intake";
				INFOPLIST_KEY_NSHealthShareUsageDescription = "Allow this app to write your data for calculate your calories and maximum sugar intake";
				INFOPLIST_KEY_NSHealthUpdateUsageDescription = "Allow this app to write your data for calculate your calories and maximum sugar intake";
				INFOPLIST_KEY_UIApplicationSceneManifest_Generation = YES;
				INFOPLIST_KEY_UIApplicationSupportsIndirectInputEvents = YES;
				INFOPLIST_KEY_UILaunchScreen_Generation = YES;
				INFOPLIST_KEY_UISupportedInterfaceOrientations = UIInterfaceOrientationPortrait;
				INFOPLIST_KEY_UISupportedInterfaceOrientations_iPad = "UIInterfaceOrientationLandscapeLeft UIInterfaceOrientationLandscapeRight UIInterfaceOrientationPortrait UIInterfaceOrientationPortraitUpsideDown";
				LD_RUNPATH_SEARCH_PATHS = (
					"$(inherited)",
					"@executable_path/Frameworks",
				);
				MARKETING_VERSION = 1.0.1;
				PRODUCT_BUNDLE_IDENTIFIER = com.agfiddprsty.Outsider.Swise;
				PRODUCT_NAME = "$(TARGET_NAME)";
				SUPPORTED_PLATFORMS = "iphoneos iphonesimulator";
				SUPPORTS_MACCATALYST = NO;
				SUPPORTS_MAC_DESIGNED_FOR_IPHONE_IPAD = NO;
				SWIFT_EMIT_LOC_STRINGS = YES;
				SWIFT_VERSION = 5.0;
				TARGETED_DEVICE_FAMILY = 1;
			};
			name = Debug;
		};
		8829A0102A6029AB00C1A8BA /* Release */ = {
			isa = XCBuildConfiguration;
			buildSettings = {
				ASSETCATALOG_COMPILER_APPICON_NAME = AppIcon;
				ASSETCATALOG_COMPILER_GLOBAL_ACCENT_COLOR_NAME = AccentColor;
				CODE_SIGN_ENTITLEMENTS = Swise/Swise.entitlements;
				CODE_SIGN_STYLE = Automatic;
				CURRENT_PROJECT_VERSION = 2;
				DEVELOPMENT_ASSET_PATHS = "\"Swise/Preview Content\"";
				DEVELOPMENT_TEAM = 9UX8BMAVFK;
				ENABLE_PREVIEWS = YES;
				GENERATE_INFOPLIST_FILE = YES;
				INFOPLIST_FILE = Swise/Info.plist;
				INFOPLIST_KEY_CFBundleDisplayName = Swise;
				INFOPLIST_KEY_LSApplicationCategoryType = "public.app-category.healthcare-fitness";
				INFOPLIST_KEY_NSHealthClinicalHealthRecordsShareUsageDescription = "Allow this app to write your data for calculate your calories and maximum sugar intake";
				INFOPLIST_KEY_NSHealthShareUsageDescription = "Allow this app to write your data for calculate your calories and maximum sugar intake";
				INFOPLIST_KEY_NSHealthUpdateUsageDescription = "Allow this app to write your data for calculate your calories and maximum sugar intake";
				INFOPLIST_KEY_UIApplicationSceneManifest_Generation = YES;
				INFOPLIST_KEY_UIApplicationSupportsIndirectInputEvents = YES;
				INFOPLIST_KEY_UILaunchScreen_Generation = YES;
				INFOPLIST_KEY_UISupportedInterfaceOrientations = UIInterfaceOrientationPortrait;
				INFOPLIST_KEY_UISupportedInterfaceOrientations_iPad = "UIInterfaceOrientationLandscapeLeft UIInterfaceOrientationLandscapeRight UIInterfaceOrientationPortrait UIInterfaceOrientationPortraitUpsideDown";
				LD_RUNPATH_SEARCH_PATHS = (
					"$(inherited)",
					"@executable_path/Frameworks",
				);
				MARKETING_VERSION = 1.0.1;
				PRODUCT_BUNDLE_IDENTIFIER = com.agfiddprsty.Outsider.Swise;
				PRODUCT_NAME = "$(TARGET_NAME)";
				SUPPORTED_PLATFORMS = "iphoneos iphonesimulator";
				SUPPORTS_MACCATALYST = NO;
				SUPPORTS_MAC_DESIGNED_FOR_IPHONE_IPAD = NO;
				SWIFT_EMIT_LOC_STRINGS = YES;
				SWIFT_VERSION = 5.0;
				TARGETED_DEVICE_FAMILY = 1;
			};
			name = Release;
		};
/* End XCBuildConfiguration section */

/* Begin XCConfigurationList section */
		88299FF62A6029AA00C1A8BA /* Build configuration list for PBXProject "Swise" */ = {
			isa = XCConfigurationList;
			buildConfigurations = (
				8829A00C2A6029AB00C1A8BA /* Debug */,
				8829A00D2A6029AB00C1A8BA /* Release */,
			);
			defaultConfigurationIsVisible = 0;
			defaultConfigurationName = Release;
		};
		8829A00E2A6029AB00C1A8BA /* Build configuration list for PBXNativeTarget "Swise" */ = {
			isa = XCConfigurationList;
			buildConfigurations = (
				8829A00F2A6029AB00C1A8BA /* Debug */,
				8829A0102A6029AB00C1A8BA /* Release */,
			);
			defaultConfigurationIsVisible = 0;
			defaultConfigurationName = Release;
		};
/* End XCConfigurationList section */

/* Begin XCRemoteSwiftPackageReference section */
		8829A01D2A602B6A00C1A8BA /* XCRemoteSwiftPackageReference "CryptoSwift" */ = {
			isa = XCRemoteSwiftPackageReference;
			repositoryURL = "git@github.com:krzyzanowskim/CryptoSwift.git";
			requirement = {
				kind = upToNextMajorVersion;
				minimumVersion = 1.0.0;
			};
		};
/* End XCRemoteSwiftPackageReference section */

/* Begin XCSwiftPackageProductDependency section */
		8829A01E2A602B6A00C1A8BA /* CryptoSwift */ = {
			isa = XCSwiftPackageProductDependency;
			package = 8829A01D2A602B6A00C1A8BA /* XCRemoteSwiftPackageReference "CryptoSwift" */;
			productName = CryptoSwift;
		};
/* End XCSwiftPackageProductDependency section */

/* Begin XCVersionGroup section */
		8829A0092A6029AB00C1A8BA /* Swise.xcdatamodeld */ = {
			isa = XCVersionGroup;
			children = (
				8829A00A2A6029AB00C1A8BA /* Swise.xcdatamodel */,
			);
			currentVersion = 8829A00A2A6029AB00C1A8BA /* Swise.xcdatamodel */;
			path = Swise.xcdatamodeld;
			sourceTree = "<group>";
			versionGroupType = wrapper.xcdatamodel;
		};
/* End XCVersionGroup section */
	};
	rootObject = 88299FF32A6029AA00C1A8BA /* Project object */;
}
